
Microsoft Visual Studio Solution File, Format Version 12.00
# Visual Studio Version 16
VisualStudioVersion = 16.0.31727.386
MinimumVisualStudioVersion = 10.0.40219.1
Project("{8BC9CEB8-8B4A-11D0-8D11-00A0C91BC942}") = "Test", "CPP\CPP.vcxproj", "{7B550448-A63C-4E12-827F-964CE1C76E65}"
EndProject
Project("{8BC9CEB8-8B4A-11D0-8D11-00A0C91BC942}") = "Hello World", "Hello World\Hello World.vcxproj", "{4667F4F8-1938-47B9-AD5D-7C674B74C5A4}"
EndProject
Global
	GlobalSection(SolutionConfigurationPlatforms) = preSolution
		Debug|x64 = Debug|x64
		Debug|x86 = Debug|x86
		Release|x64 = Release|x64
		Release|x86 = Release|x86
	EndGlobalSection
	GlobalSection(ProjectConfigurationPlatforms) = postSolution
		{7B550448-A63C-4E12-827F-964CE1C76E65}.Debug|x64.ActiveCfg = Debug|x64
		{7B550448-A63C-4E12-827F-964CE1C76E65}.Debug|x64.Build.0 = Debug|x64
		{7B550448-A63C-4E12-827F-964CE1C76E65}.Debug|x86.ActiveCfg = Debug|Win32
		{7B550448-A63C-4E12-827F-964CE1C76E65}.Debug|x86.Build.0 = Debug|Win32
		{7B550448-A63C-4E12-827F-964CE1C76E65}.Release|x64.ActiveCfg = Release|x64
		{7B550448-A63C-4E12-827F-964CE1C76E65}.Release|x64.Build.0 = Release|x64
		{7B550448-A63C-4E12-827F-964CE1C76E65}.Release|x86.ActiveCfg = Release|Win32
		{7B550448-A63C-4E12-827F-964CE1C76E65}.Release|x86.Build.0 = Release|Win32
		{4667F4F8-1938-47B9-AD5D-7C674B74C5A4}.Debug|x64.ActiveCfg = Debug|x64
		{4667F4F8-1938-47B9-AD5D-7C674B74C5A4}.Debug|x64.Build.0 = Debug|x64
		{4667F4F8-1938-47B9-AD5D-7C674B74C5A4}.Debug|x86.ActiveCfg = Debug|Win32
		{4667F4F8-1938-47B9-AD5D-7C674B74C5A4}.Debug|x86.Build.0 = Debug|Win32
		{4667F4F8-1938-47B9-AD5D-7C674B74C5A4}.Release|x64.ActiveCfg = Release|x64
		{4667F4F8-1938-47B9-AD5D-7C674B74C5A4}.Release|x64.Build.0 = Release|x64
		{4667F4F8-1938-47B9-AD5D-7C674B74C5A4}.Release|x86.ActiveCfg = Release|Win32
		{4667F4F8-1938-47B9-AD5D-7C674B74C5A4}.Release|x86.Build.0 = Release|Win32
	EndGlobalSection
	GlobalSection(SolutionProperties) = preSolution
		HideSolutionNode = FALSE
	EndGlobalSection
	GlobalSection(ExtensibilityGlobals) = postSolution
		SolutionGuid = {78B7B2D9-8A7C-4489-B170-BBE808E16B4C}
	EndGlobalSection
EndGlobal
