
Microsoft Visual Studio Solution File, Format Version 12.00
# Visual Studio Version 16
VisualStudioVersion = 16.0.31727.386
MinimumVisualStudioVersion = 10.0.40219.1
Project("{8BC9CEB8-8B4A-11D0-8D11-00A0C91BC942}") = "Test", "CPP\CPP.vcxproj", "{7B550448-A63C-4E12-827F-964CE1C76E65}"
EndProject
Project("{8BC9CEB8-8B4A-11D0-8D11-00A0C91BC942}") = "Hello World", "Hello World\Hello World.vcxproj", "{4667F4F8-1938-47B9-AD5D-7C674B74C5A4}"
EndProject
Project("{8BC9CEB8-8B4A-11D0-8D11-00A0C91BC942}") = "Kaffeeautomat", "B.4.1.2 Kaffeeautomat Teil 1\B.4.1.2 Kaffeeautomat Teil 1.vcxproj", "{A1FB1D6A-8CFE-4DB0-8C87-2F018A215E20}"
EndProject
Project("{8BC9CEB8-8B4A-11D0-8D11-00A0C91BC942}") = "B.4.1.7 Standardeingabe", "B.4.1.7 Standardeingabe\B.4.1.7 Standardeingabe.vcxproj", "{B9ABC37C-FA1D-46FC-A988-52D60E76E822}"
EndProject
Project("{8BC9CEB8-8B4A-11D0-8D11-00A0C91BC942}") = "B.4.1.8 Typumwandlung", "B.4.1.8 Typumwandlung\B.4.1.8 Typumwandlung.vcxproj", "{70EEE381-7DE9-481A-9B55-D9852E7EC679}"
EndProject
Project("{8BC9CEB8-8B4A-11D0-8D11-00A0C91BC942}") = "B.4.2.1 Gebrauch verschiedener Operatoren", "B.4.2.1 Gebrauch verschiedener Operatoren\B.4.2.1 Gebrauch verschiedener Operatoren.vcxproj", "{D44287D7-FAF0-47B5-B7FA-5BE7D3F716B9}"
EndProject
Project("{8BC9CEB8-8B4A-11D0-8D11-00A0C91BC942}") = "B.4.3.2 Verzweigungen", "B.4.3.2 Verzweigungen\B.4.3.2 Verzweigungen.vcxproj", "{7C8C901D-4B53-453B-BA2B-341A248F3ED4}"
EndProject
Project("{8BC9CEB8-8B4A-11D0-8D11-00A0C91BC942}") = "B.4.4.2 Schleifen", "B.4.4.2 Schleifen\B.4.4.2 Schleifen.vcxproj", "{818F0A61-6EB2-4810-BA48-EDF87B82C671}"
EndProject
Project("{8BC9CEB8-8B4A-11D0-8D11-00A0C91BC942}") = "B.4.6 Felder", "B.4.6 Felder\B.4.6 Felder.vcxproj", "{5AF41CDF-CAF4-4CE2-A54C-CA952CE55B13}"
EndProject
Project("{8BC9CEB8-8B4A-11D0-8D11-00A0C91BC942}") = "B.4.8 Speicherverwaltung mit dem Heap", "B.4.8 Speicherverwaltung mit dem Heap\B.4.8 Speicherverwaltung mit dem Heap.vcxproj", "{1F9F787D-7FB2-47E6-88B5-9944562AFFAF}"
EndProject
Project("{8BC9CEB8-8B4A-11D0-8D11-00A0C91BC942}") = "B.4.9.2 Berechnung von Kugeloberfläche und Volumen", "B.4.9.2 Berechnung von Kugeloberfläche und Volumen\B.4.9.2 Berechnung von Kugeloberfläche und Volumen.vcxproj", "{CF8E141D-34BF-4529-9549-49AC868A2FE8}"
EndProject
Project("{8BC9CEB8-8B4A-11D0-8D11-00A0C91BC942}") = "C.4.12.1 Klasse Auto", "C.4.12.1 Klasse Auto\C.4.12.1 Klasse Auto.vcxproj", "{9B1C2C25-DDBA-40AD-A218-F4C2D57A6200}"
EndProject
Project("{8BC9CEB8-8B4A-11D0-8D11-00A0C91BC942}") = "C.4.12.2 Klasse Datum", "C.4.12.2 Klasse Datum\C.4.12.2 Klasse Datum.vcxproj", "{88353181-EBDA-4B72-960F-ADBD11E96B7C}"
EndProject
Project("{8BC9CEB8-8B4A-11D0-8D11-00A0C91BC942}") = "C.4.12.3 Klasse playlist", "C.4.12.3 Klasse playlist\C.4.12.3 Klasse playlist.vcxproj", "{4973DDBB-F930-415C-B41D-742FDACD6799}"
EndProject
Project("{8BC9CEB8-8B4A-11D0-8D11-00A0C91BC942}") = "C.4.13.1 Transportmittel", "C.4.13.1 Transportmittel\C.4.13.1 Transportmittel.vcxproj", "{063DF570-E7F9-47B3-AE88-D06EFB54A651}"
EndProject
Project("{8BC9CEB8-8B4A-11D0-8D11-00A0C91BC942}") = "C.4.14.1 Complex", "C.4.14.1 Complex_Eine Klasse für komplexe Zahlen\C.4.14.1 Complex_Eine Klasse für komplexe Zahlen.vcxproj", "{6F5D017A-5525-4B10-84BC-DFECE9C4948C}"
EndProject
Project("{8BC9CEB8-8B4A-11D0-8D11-00A0C91BC942}") = "Hausaufgabe 7.1.1 Bitweise Maskierung", "Hausaufgabe 7.1.1 Bitweise Maskierung\Hausaufgabe 7.1.1 Bitweise Maskierung.vcxproj", "{3397B1A0-C8B7-4592-A80B-70563130392F}"
EndProject
Project("{8BC9CEB8-8B4A-11D0-8D11-00A0C91BC942}") = "8.8.2.3 BS Praktikum 1 Aufgabe 3", "8.8.2.3 BS Praktikum 1 Aufgabe 3\8.8.2.3 BS Praktikum 1 Aufgabe 3.vcxproj", "{57F5C1E3-A0F9-4565-92A6-B449C8198AE5}"
EndProject
Project("{8BC9CEB8-8B4A-11D0-8D11-00A0C91BC942}") = "8.8.2.4 BS Praktikum 1 Aufgabe 4", "8.8.2.4 BS Praktikum 1 Aufgabe 4\8.8.2.4 BS Praktikum 1 Aufgabe 4.vcxproj", "{DF93F616-B9DD-4EB4-8251-78C80C533C0E}"
EndProject
Project("{8BC9CEB8-8B4A-11D0-8D11-00A0C91BC942}") = "8.8.2.5 BS Praktikum 1 Aufgabe 5", "8.8.2.5 BS Praktikum 1 Aufgabe 5\8.8.2.5 BS Praktikum 1 Aufgabe 5.vcxproj", "{1E560F0E-A45A-49C6-8DFF-633CA61D9881}"
EndProject
Project("{8BC9CEB8-8B4A-11D0-8D11-00A0C91BC942}") = "8.8.2.1 BS Praktikum 1 Aufgabe 1", "BS Praktikum 1 Aufgabe 1\BS Praktikum 1 Aufgabe 1.vcxproj", "{5C98500E-6BDB-4301-83F5-A16008A94D43}"
EndProject
Project("{8BC9CEB8-8B4A-11D0-8D11-00A0C91BC942}") = "8.8.2.2 BS Praktikum 1 Aufgabe 2", "8.8.2.2 BS Praktikum 1 Aufgabe 2\8.8.2.2 BS Praktikum 1 Aufgabe 2.vcxproj", "{BA9BA04A-0ABC-42FC-A3C0-B7DE2A151440}"
EndProject
Project("{8BC9CEB8-8B4A-11D0-8D11-00A0C91BC942}") = "8.8.3.1 BS Praktikum 2 Aufgabe 1", "8.8.3.1 BS Praktikum 2 Aufgabe 1\8.8.3.1 BS Praktikum 2 Aufgabe 1.vcxproj", "{467FDA46-82FF-4946-B1CC-31656988AF9A}"
EndProject
Project("{8BC9CEB8-8B4A-11D0-8D11-00A0C91BC942}") = "8.8.3.2 BS Praktikum 2 Aufgabe 2", "8.8.3.2 BS Praktikum 2 Aufgabe 2\8.8.3.2 BS Praktikum 2 Aufgabe 2.vcxproj", "{2F3B50BF-AEAC-427E-89F3-ADF5BA23BE99}"
EndProject
Project("{8BC9CEB8-8B4A-11D0-8D11-00A0C91BC942}") = "8.8.3.3 BS Praktikum 2 Aufgabe 3", "8.8.3.3 BS Praktikum 2 Aufgabe 3\8.8.3.3 BS Praktikum 2 Aufgabe 3.vcxproj", "{6395BDC0-FFB7-4B9B-87D8-B598FE3A9622}"
EndProject
Global
	GlobalSection(SolutionConfigurationPlatforms) = preSolution
		Debug|x64 = Debug|x64
		Debug|x86 = Debug|x86
		Release|x64 = Release|x64
		Release|x86 = Release|x86
	EndGlobalSection
	GlobalSection(ProjectConfigurationPlatforms) = postSolution
		{7B550448-A63C-4E12-827F-964CE1C76E65}.Debug|x64.ActiveCfg = Debug|x64
		{7B550448-A63C-4E12-827F-964CE1C76E65}.Debug|x64.Build.0 = Debug|x64
		{7B550448-A63C-4E12-827F-964CE1C76E65}.Debug|x86.ActiveCfg = Debug|Win32
		{7B550448-A63C-4E12-827F-964CE1C76E65}.Debug|x86.Build.0 = Debug|Win32
		{7B550448-A63C-4E12-827F-964CE1C76E65}.Release|x64.ActiveCfg = Release|x64
		{7B550448-A63C-4E12-827F-964CE1C76E65}.Release|x64.Build.0 = Release|x64
		{7B550448-A63C-4E12-827F-964CE1C76E65}.Release|x86.ActiveCfg = Release|Win32
		{7B550448-A63C-4E12-827F-964CE1C76E65}.Release|x86.Build.0 = Release|Win32
		{4667F4F8-1938-47B9-AD5D-7C674B74C5A4}.Debug|x64.ActiveCfg = Debug|x64
		{4667F4F8-1938-47B9-AD5D-7C674B74C5A4}.Debug|x64.Build.0 = Debug|x64
		{4667F4F8-1938-47B9-AD5D-7C674B74C5A4}.Debug|x86.ActiveCfg = Debug|Win32
		{4667F4F8-1938-47B9-AD5D-7C674B74C5A4}.Debug|x86.Build.0 = Debug|Win32
		{4667F4F8-1938-47B9-AD5D-7C674B74C5A4}.Release|x64.ActiveCfg = Release|x64
		{4667F4F8-1938-47B9-AD5D-7C674B74C5A4}.Release|x64.Build.0 = Release|x64
		{4667F4F8-1938-47B9-AD5D-7C674B74C5A4}.Release|x86.ActiveCfg = Release|Win32
		{4667F4F8-1938-47B9-AD5D-7C674B74C5A4}.Release|x86.Build.0 = Release|Win32
		{A1FB1D6A-8CFE-4DB0-8C87-2F018A215E20}.Debug|x64.ActiveCfg = Debug|x64
		{A1FB1D6A-8CFE-4DB0-8C87-2F018A215E20}.Debug|x64.Build.0 = Debug|x64
		{A1FB1D6A-8CFE-4DB0-8C87-2F018A215E20}.Debug|x86.ActiveCfg = Debug|Win32
		{A1FB1D6A-8CFE-4DB0-8C87-2F018A215E20}.Debug|x86.Build.0 = Debug|Win32
		{A1FB1D6A-8CFE-4DB0-8C87-2F018A215E20}.Release|x64.ActiveCfg = Release|x64
		{A1FB1D6A-8CFE-4DB0-8C87-2F018A215E20}.Release|x64.Build.0 = Release|x64
		{A1FB1D6A-8CFE-4DB0-8C87-2F018A215E20}.Release|x86.ActiveCfg = Release|Win32
		{A1FB1D6A-8CFE-4DB0-8C87-2F018A215E20}.Release|x86.Build.0 = Release|Win32
		{B9ABC37C-FA1D-46FC-A988-52D60E76E822}.Debug|x64.ActiveCfg = Debug|x64
		{B9ABC37C-FA1D-46FC-A988-52D60E76E822}.Debug|x64.Build.0 = Debug|x64
		{B9ABC37C-FA1D-46FC-A988-52D60E76E822}.Debug|x86.ActiveCfg = Debug|Win32
		{B9ABC37C-FA1D-46FC-A988-52D60E76E822}.Debug|x86.Build.0 = Debug|Win32
		{B9ABC37C-FA1D-46FC-A988-52D60E76E822}.Release|x64.ActiveCfg = Release|x64
		{B9ABC37C-FA1D-46FC-A988-52D60E76E822}.Release|x64.Build.0 = Release|x64
		{B9ABC37C-FA1D-46FC-A988-52D60E76E822}.Release|x86.ActiveCfg = Release|Win32
		{B9ABC37C-FA1D-46FC-A988-52D60E76E822}.Release|x86.Build.0 = Release|Win32
		{70EEE381-7DE9-481A-9B55-D9852E7EC679}.Debug|x64.ActiveCfg = Debug|x64
		{70EEE381-7DE9-481A-9B55-D9852E7EC679}.Debug|x64.Build.0 = Debug|x64
		{70EEE381-7DE9-481A-9B55-D9852E7EC679}.Debug|x86.ActiveCfg = Debug|Win32
		{70EEE381-7DE9-481A-9B55-D9852E7EC679}.Debug|x86.Build.0 = Debug|Win32
		{70EEE381-7DE9-481A-9B55-D9852E7EC679}.Release|x64.ActiveCfg = Release|x64
		{70EEE381-7DE9-481A-9B55-D9852E7EC679}.Release|x64.Build.0 = Release|x64
		{70EEE381-7DE9-481A-9B55-D9852E7EC679}.Release|x86.ActiveCfg = Release|Win32
		{70EEE381-7DE9-481A-9B55-D9852E7EC679}.Release|x86.Build.0 = Release|Win32
		{D44287D7-FAF0-47B5-B7FA-5BE7D3F716B9}.Debug|x64.ActiveCfg = Debug|x64
		{D44287D7-FAF0-47B5-B7FA-5BE7D3F716B9}.Debug|x64.Build.0 = Debug|x64
		{D44287D7-FAF0-47B5-B7FA-5BE7D3F716B9}.Debug|x86.ActiveCfg = Debug|Win32
		{D44287D7-FAF0-47B5-B7FA-5BE7D3F716B9}.Debug|x86.Build.0 = Debug|Win32
		{D44287D7-FAF0-47B5-B7FA-5BE7D3F716B9}.Release|x64.ActiveCfg = Release|x64
		{D44287D7-FAF0-47B5-B7FA-5BE7D3F716B9}.Release|x64.Build.0 = Release|x64
		{D44287D7-FAF0-47B5-B7FA-5BE7D3F716B9}.Release|x86.ActiveCfg = Release|Win32
		{D44287D7-FAF0-47B5-B7FA-5BE7D3F716B9}.Release|x86.Build.0 = Release|Win32
		{7C8C901D-4B53-453B-BA2B-341A248F3ED4}.Debug|x64.ActiveCfg = Debug|x64
		{7C8C901D-4B53-453B-BA2B-341A248F3ED4}.Debug|x64.Build.0 = Debug|x64
		{7C8C901D-4B53-453B-BA2B-341A248F3ED4}.Debug|x86.ActiveCfg = Debug|Win32
		{7C8C901D-4B53-453B-BA2B-341A248F3ED4}.Debug|x86.Build.0 = Debug|Win32
		{7C8C901D-4B53-453B-BA2B-341A248F3ED4}.Release|x64.ActiveCfg = Release|x64
		{7C8C901D-4B53-453B-BA2B-341A248F3ED4}.Release|x64.Build.0 = Release|x64
		{7C8C901D-4B53-453B-BA2B-341A248F3ED4}.Release|x86.ActiveCfg = Release|Win32
		{7C8C901D-4B53-453B-BA2B-341A248F3ED4}.Release|x86.Build.0 = Release|Win32
		{818F0A61-6EB2-4810-BA48-EDF87B82C671}.Debug|x64.ActiveCfg = Debug|x64
		{818F0A61-6EB2-4810-BA48-EDF87B82C671}.Debug|x64.Build.0 = Debug|x64
		{818F0A61-6EB2-4810-BA48-EDF87B82C671}.Debug|x86.ActiveCfg = Debug|Win32
		{818F0A61-6EB2-4810-BA48-EDF87B82C671}.Debug|x86.Build.0 = Debug|Win32
		{818F0A61-6EB2-4810-BA48-EDF87B82C671}.Release|x64.ActiveCfg = Release|x64
		{818F0A61-6EB2-4810-BA48-EDF87B82C671}.Release|x64.Build.0 = Release|x64
		{818F0A61-6EB2-4810-BA48-EDF87B82C671}.Release|x86.ActiveCfg = Release|Win32
		{818F0A61-6EB2-4810-BA48-EDF87B82C671}.Release|x86.Build.0 = Release|Win32
		{5AF41CDF-CAF4-4CE2-A54C-CA952CE55B13}.Debug|x64.ActiveCfg = Debug|x64
		{5AF41CDF-CAF4-4CE2-A54C-CA952CE55B13}.Debug|x64.Build.0 = Debug|x64
		{5AF41CDF-CAF4-4CE2-A54C-CA952CE55B13}.Debug|x86.ActiveCfg = Debug|Win32
		{5AF41CDF-CAF4-4CE2-A54C-CA952CE55B13}.Debug|x86.Build.0 = Debug|Win32
		{5AF41CDF-CAF4-4CE2-A54C-CA952CE55B13}.Release|x64.ActiveCfg = Release|x64
		{5AF41CDF-CAF4-4CE2-A54C-CA952CE55B13}.Release|x64.Build.0 = Release|x64
		{5AF41CDF-CAF4-4CE2-A54C-CA952CE55B13}.Release|x86.ActiveCfg = Release|Win32
		{5AF41CDF-CAF4-4CE2-A54C-CA952CE55B13}.Release|x86.Build.0 = Release|Win32
		{1F9F787D-7FB2-47E6-88B5-9944562AFFAF}.Debug|x64.ActiveCfg = Debug|x64
		{1F9F787D-7FB2-47E6-88B5-9944562AFFAF}.Debug|x64.Build.0 = Debug|x64
		{1F9F787D-7FB2-47E6-88B5-9944562AFFAF}.Debug|x86.ActiveCfg = Debug|Win32
		{1F9F787D-7FB2-47E6-88B5-9944562AFFAF}.Debug|x86.Build.0 = Debug|Win32
		{1F9F787D-7FB2-47E6-88B5-9944562AFFAF}.Release|x64.ActiveCfg = Release|x64
		{1F9F787D-7FB2-47E6-88B5-9944562AFFAF}.Release|x64.Build.0 = Release|x64
		{1F9F787D-7FB2-47E6-88B5-9944562AFFAF}.Release|x86.ActiveCfg = Release|Win32
		{1F9F787D-7FB2-47E6-88B5-9944562AFFAF}.Release|x86.Build.0 = Release|Win32
		{CF8E141D-34BF-4529-9549-49AC868A2FE8}.Debug|x64.ActiveCfg = Debug|x64
		{CF8E141D-34BF-4529-9549-49AC868A2FE8}.Debug|x64.Build.0 = Debug|x64
		{CF8E141D-34BF-4529-9549-49AC868A2FE8}.Debug|x86.ActiveCfg = Debug|Win32
		{CF8E141D-34BF-4529-9549-49AC868A2FE8}.Debug|x86.Build.0 = Debug|Win32
		{CF8E141D-34BF-4529-9549-49AC868A2FE8}.Release|x64.ActiveCfg = Release|x64
		{CF8E141D-34BF-4529-9549-49AC868A2FE8}.Release|x64.Build.0 = Release|x64
		{CF8E141D-34BF-4529-9549-49AC868A2FE8}.Release|x86.ActiveCfg = Release|Win32
		{CF8E141D-34BF-4529-9549-49AC868A2FE8}.Release|x86.Build.0 = Release|Win32
		{9B1C2C25-DDBA-40AD-A218-F4C2D57A6200}.Debug|x64.ActiveCfg = Debug|x64
		{9B1C2C25-DDBA-40AD-A218-F4C2D57A6200}.Debug|x64.Build.0 = Debug|x64
		{9B1C2C25-DDBA-40AD-A218-F4C2D57A6200}.Debug|x86.ActiveCfg = Debug|Win32
		{9B1C2C25-DDBA-40AD-A218-F4C2D57A6200}.Debug|x86.Build.0 = Debug|Win32
		{9B1C2C25-DDBA-40AD-A218-F4C2D57A6200}.Release|x64.ActiveCfg = Release|x64
		{9B1C2C25-DDBA-40AD-A218-F4C2D57A6200}.Release|x64.Build.0 = Release|x64
		{9B1C2C25-DDBA-40AD-A218-F4C2D57A6200}.Release|x86.ActiveCfg = Release|Win32
		{9B1C2C25-DDBA-40AD-A218-F4C2D57A6200}.Release|x86.Build.0 = Release|Win32
		{88353181-EBDA-4B72-960F-ADBD11E96B7C}.Debug|x64.ActiveCfg = Debug|x64
		{88353181-EBDA-4B72-960F-ADBD11E96B7C}.Debug|x64.Build.0 = Debug|x64
		{88353181-EBDA-4B72-960F-ADBD11E96B7C}.Debug|x86.ActiveCfg = Debug|Win32
		{88353181-EBDA-4B72-960F-ADBD11E96B7C}.Debug|x86.Build.0 = Debug|Win32
		{88353181-EBDA-4B72-960F-ADBD11E96B7C}.Release|x64.ActiveCfg = Release|x64
		{88353181-EBDA-4B72-960F-ADBD11E96B7C}.Release|x64.Build.0 = Release|x64
		{88353181-EBDA-4B72-960F-ADBD11E96B7C}.Release|x86.ActiveCfg = Release|Win32
		{88353181-EBDA-4B72-960F-ADBD11E96B7C}.Release|x86.Build.0 = Release|Win32
		{4973DDBB-F930-415C-B41D-742FDACD6799}.Debug|x64.ActiveCfg = Debug|x64
		{4973DDBB-F930-415C-B41D-742FDACD6799}.Debug|x64.Build.0 = Debug|x64
		{4973DDBB-F930-415C-B41D-742FDACD6799}.Debug|x86.ActiveCfg = Debug|Win32
		{4973DDBB-F930-415C-B41D-742FDACD6799}.Debug|x86.Build.0 = Debug|Win32
		{4973DDBB-F930-415C-B41D-742FDACD6799}.Release|x64.ActiveCfg = Release|x64
		{4973DDBB-F930-415C-B41D-742FDACD6799}.Release|x64.Build.0 = Release|x64
		{4973DDBB-F930-415C-B41D-742FDACD6799}.Release|x86.ActiveCfg = Release|Win32
		{4973DDBB-F930-415C-B41D-742FDACD6799}.Release|x86.Build.0 = Release|Win32
		{063DF570-E7F9-47B3-AE88-D06EFB54A651}.Debug|x64.ActiveCfg = Debug|x64
		{063DF570-E7F9-47B3-AE88-D06EFB54A651}.Debug|x64.Build.0 = Debug|x64
		{063DF570-E7F9-47B3-AE88-D06EFB54A651}.Debug|x86.ActiveCfg = Debug|Win32
		{063DF570-E7F9-47B3-AE88-D06EFB54A651}.Debug|x86.Build.0 = Debug|Win32
		{063DF570-E7F9-47B3-AE88-D06EFB54A651}.Release|x64.ActiveCfg = Release|x64
		{063DF570-E7F9-47B3-AE88-D06EFB54A651}.Release|x64.Build.0 = Release|x64
		{063DF570-E7F9-47B3-AE88-D06EFB54A651}.Release|x86.ActiveCfg = Release|Win32
		{063DF570-E7F9-47B3-AE88-D06EFB54A651}.Release|x86.Build.0 = Release|Win32
		{6F5D017A-5525-4B10-84BC-DFECE9C4948C}.Debug|x64.ActiveCfg = Debug|x64
		{6F5D017A-5525-4B10-84BC-DFECE9C4948C}.Debug|x64.Build.0 = Debug|x64
		{6F5D017A-5525-4B10-84BC-DFECE9C4948C}.Debug|x86.ActiveCfg = Debug|Win32
		{6F5D017A-5525-4B10-84BC-DFECE9C4948C}.Debug|x86.Build.0 = Debug|Win32
		{6F5D017A-5525-4B10-84BC-DFECE9C4948C}.Release|x64.ActiveCfg = Release|x64
		{6F5D017A-5525-4B10-84BC-DFECE9C4948C}.Release|x64.Build.0 = Release|x64
		{6F5D017A-5525-4B10-84BC-DFECE9C4948C}.Release|x86.ActiveCfg = Release|Win32
		{6F5D017A-5525-4B10-84BC-DFECE9C4948C}.Release|x86.Build.0 = Release|Win32
		{3397B1A0-C8B7-4592-A80B-70563130392F}.Debug|x64.ActiveCfg = Debug|x64
		{3397B1A0-C8B7-4592-A80B-70563130392F}.Debug|x64.Build.0 = Debug|x64
		{3397B1A0-C8B7-4592-A80B-70563130392F}.Debug|x86.ActiveCfg = Debug|Win32
		{3397B1A0-C8B7-4592-A80B-70563130392F}.Debug|x86.Build.0 = Debug|Win32
		{3397B1A0-C8B7-4592-A80B-70563130392F}.Release|x64.ActiveCfg = Release|x64
		{3397B1A0-C8B7-4592-A80B-70563130392F}.Release|x64.Build.0 = Release|x64
		{3397B1A0-C8B7-4592-A80B-70563130392F}.Release|x86.ActiveCfg = Release|Win32
		{3397B1A0-C8B7-4592-A80B-70563130392F}.Release|x86.Build.0 = Release|Win32
		{57F5C1E3-A0F9-4565-92A6-B449C8198AE5}.Debug|x64.ActiveCfg = Debug|x64
		{57F5C1E3-A0F9-4565-92A6-B449C8198AE5}.Debug|x64.Build.0 = Debug|x64
		{57F5C1E3-A0F9-4565-92A6-B449C8198AE5}.Debug|x86.ActiveCfg = Debug|Win32
		{57F5C1E3-A0F9-4565-92A6-B449C8198AE5}.Debug|x86.Build.0 = Debug|Win32
		{57F5C1E3-A0F9-4565-92A6-B449C8198AE5}.Release|x64.ActiveCfg = Release|x64
		{57F5C1E3-A0F9-4565-92A6-B449C8198AE5}.Release|x64.Build.0 = Release|x64
		{57F5C1E3-A0F9-4565-92A6-B449C8198AE5}.Release|x86.ActiveCfg = Release|Win32
		{57F5C1E3-A0F9-4565-92A6-B449C8198AE5}.Release|x86.Build.0 = Release|Win32
		{DF93F616-B9DD-4EB4-8251-78C80C533C0E}.Debug|x64.ActiveCfg = Debug|x64
		{DF93F616-B9DD-4EB4-8251-78C80C533C0E}.Debug|x64.Build.0 = Debug|x64
		{DF93F616-B9DD-4EB4-8251-78C80C533C0E}.Debug|x86.ActiveCfg = Debug|Win32
		{DF93F616-B9DD-4EB4-8251-78C80C533C0E}.Debug|x86.Build.0 = Debug|Win32
		{DF93F616-B9DD-4EB4-8251-78C80C533C0E}.Release|x64.ActiveCfg = Release|x64
		{DF93F616-B9DD-4EB4-8251-78C80C533C0E}.Release|x64.Build.0 = Release|x64
		{DF93F616-B9DD-4EB4-8251-78C80C533C0E}.Release|x86.ActiveCfg = Release|Win32
		{DF93F616-B9DD-4EB4-8251-78C80C533C0E}.Release|x86.Build.0 = Release|Win32
		{1E560F0E-A45A-49C6-8DFF-633CA61D9881}.Debug|x64.ActiveCfg = Debug|x64
		{1E560F0E-A45A-49C6-8DFF-633CA61D9881}.Debug|x64.Build.0 = Debug|x64
		{1E560F0E-A45A-49C6-8DFF-633CA61D9881}.Debug|x86.ActiveCfg = Debug|Win32
		{1E560F0E-A45A-49C6-8DFF-633CA61D9881}.Debug|x86.Build.0 = Debug|Win32
		{1E560F0E-A45A-49C6-8DFF-633CA61D9881}.Release|x64.ActiveCfg = Release|x64
		{1E560F0E-A45A-49C6-8DFF-633CA61D9881}.Release|x64.Build.0 = Release|x64
		{1E560F0E-A45A-49C6-8DFF-633CA61D9881}.Release|x86.ActiveCfg = Release|Win32
		{1E560F0E-A45A-49C6-8DFF-633CA61D9881}.Release|x86.Build.0 = Release|Win32
		{5C98500E-6BDB-4301-83F5-A16008A94D43}.Debug|x64.ActiveCfg = Debug|x64
		{5C98500E-6BDB-4301-83F5-A16008A94D43}.Debug|x64.Build.0 = Debug|x64
		{5C98500E-6BDB-4301-83F5-A16008A94D43}.Debug|x86.ActiveCfg = Debug|Win32
		{5C98500E-6BDB-4301-83F5-A16008A94D43}.Debug|x86.Build.0 = Debug|Win32
		{5C98500E-6BDB-4301-83F5-A16008A94D43}.Release|x64.ActiveCfg = Release|x64
		{5C98500E-6BDB-4301-83F5-A16008A94D43}.Release|x64.Build.0 = Release|x64
		{5C98500E-6BDB-4301-83F5-A16008A94D43}.Release|x86.ActiveCfg = Release|Win32
		{5C98500E-6BDB-4301-83F5-A16008A94D43}.Release|x86.Build.0 = Release|Win32
		{BA9BA04A-0ABC-42FC-A3C0-B7DE2A151440}.Debug|x64.ActiveCfg = Debug|x64
		{BA9BA04A-0ABC-42FC-A3C0-B7DE2A151440}.Debug|x64.Build.0 = Debug|x64
		{BA9BA04A-0ABC-42FC-A3C0-B7DE2A151440}.Debug|x86.ActiveCfg = Debug|Win32
		{BA9BA04A-0ABC-42FC-A3C0-B7DE2A151440}.Debug|x86.Build.0 = Debug|Win32
		{BA9BA04A-0ABC-42FC-A3C0-B7DE2A151440}.Release|x64.ActiveCfg = Release|x64
		{BA9BA04A-0ABC-42FC-A3C0-B7DE2A151440}.Release|x64.Build.0 = Release|x64
		{BA9BA04A-0ABC-42FC-A3C0-B7DE2A151440}.Release|x86.ActiveCfg = Release|Win32
		{BA9BA04A-0ABC-42FC-A3C0-B7DE2A151440}.Release|x86.Build.0 = Release|Win32
		{467FDA46-82FF-4946-B1CC-31656988AF9A}.Debug|x64.ActiveCfg = Debug|x64
		{467FDA46-82FF-4946-B1CC-31656988AF9A}.Debug|x64.Build.0 = Debug|x64
		{467FDA46-82FF-4946-B1CC-31656988AF9A}.Debug|x86.ActiveCfg = Debug|Win32
		{467FDA46-82FF-4946-B1CC-31656988AF9A}.Debug|x86.Build.0 = Debug|Win32
		{467FDA46-82FF-4946-B1CC-31656988AF9A}.Release|x64.ActiveCfg = Release|x64
		{467FDA46-82FF-4946-B1CC-31656988AF9A}.Release|x64.Build.0 = Release|x64
		{467FDA46-82FF-4946-B1CC-31656988AF9A}.Release|x86.ActiveCfg = Release|Win32
		{467FDA46-82FF-4946-B1CC-31656988AF9A}.Release|x86.Build.0 = Release|Win32
		{2F3B50BF-AEAC-427E-89F3-ADF5BA23BE99}.Debug|x64.ActiveCfg = Debug|x64
		{2F3B50BF-AEAC-427E-89F3-ADF5BA23BE99}.Debug|x64.Build.0 = Debug|x64
		{2F3B50BF-AEAC-427E-89F3-ADF5BA23BE99}.Debug|x86.ActiveCfg = Debug|Win32
		{2F3B50BF-AEAC-427E-89F3-ADF5BA23BE99}.Debug|x86.Build.0 = Debug|Win32
		{2F3B50BF-AEAC-427E-89F3-ADF5BA23BE99}.Release|x64.ActiveCfg = Release|x64
		{2F3B50BF-AEAC-427E-89F3-ADF5BA23BE99}.Release|x64.Build.0 = Release|x64
		{2F3B50BF-AEAC-427E-89F3-ADF5BA23BE99}.Release|x86.ActiveCfg = Release|Win32
		{2F3B50BF-AEAC-427E-89F3-ADF5BA23BE99}.Release|x86.Build.0 = Release|Win32
		{6395BDC0-FFB7-4B9B-87D8-B598FE3A9622}.Debug|x64.ActiveCfg = Debug|x64
		{6395BDC0-FFB7-4B9B-87D8-B598FE3A9622}.Debug|x64.Build.0 = Debug|x64
		{6395BDC0-FFB7-4B9B-87D8-B598FE3A9622}.Debug|x86.ActiveCfg = Debug|Win32
		{6395BDC0-FFB7-4B9B-87D8-B598FE3A9622}.Debug|x86.Build.0 = Debug|Win32
		{6395BDC0-FFB7-4B9B-87D8-B598FE3A9622}.Release|x64.ActiveCfg = Release|x64
		{6395BDC0-FFB7-4B9B-87D8-B598FE3A9622}.Release|x64.Build.0 = Release|x64
		{6395BDC0-FFB7-4B9B-87D8-B598FE3A9622}.Release|x86.ActiveCfg = Release|Win32
		{6395BDC0-FFB7-4B9B-87D8-B598FE3A9622}.Release|x86.Build.0 = Release|Win32
	EndGlobalSection
	GlobalSection(SolutionProperties) = preSolution
		HideSolutionNode = FALSE
	EndGlobalSection
	GlobalSection(ExtensibilityGlobals) = postSolution
		SolutionGuid = {78B7B2D9-8A7C-4489-B170-BBE808E16B4C}
	EndGlobalSection
EndGlobal
